
Microsoft Visual Studio Solution File, Format Version 12.00
# Visual Studio Version 16
VisualStudioVersion = 16.0.29230.47
MinimumVisualStudioVersion = 10.0.40219.1
Project("{888888A0-9F3D-457C-B088-3A5042F75D52}") = "GUIAlerts", "GUIAlerts.pyproj", "{1D84B96B-474C-4CEE-98FF-FC8075547A55}"
EndProject
Global
	GlobalSection(SolutionConfigurationPlatforms) = preSolution
		Debug|Any CPU = Debug|Any CPU
		Release|Any CPU = Release|Any CPU
	EndGlobalSection
	GlobalSection(ProjectConfigurationPlatforms) = postSolution
		{1D84B96B-474C-4CEE-98FF-FC8075547A55}.Debug|Any CPU.ActiveCfg = Debug|Any CPU
		{1D84B96B-474C-4CEE-98FF-FC8075547A55}.Release|Any CPU.ActiveCfg = Release|Any CPU
	EndGlobalSection
	GlobalSection(SolutionProperties) = preSolution
		HideSolutionNode = FALSE
	EndGlobalSection
	GlobalSection(ExtensibilityGlobals) = postSolution
		SolutionGuid = {10267470-F720-4BAD-A7CD-F7B250B6C77C}
	EndGlobalSection
EndGlobal
